
Microsoft Visual Studio Solution File, Format Version 12.00
# Visual Studio Version 17
VisualStudioVersion = 17.0.31815.197
MinimumVisualStudioVersion = 10.0.40219.1
Project("{FAE04EC0-301F-11D3-BF4B-00C04F79EFBC}") = "Sayi_Yazdirma", "Sayi_Yazdirma\Sayi_Yazdirma.csproj", "{E7836668-5F15-4215-A912-DDBC1145565D}"
EndProject
Global
	GlobalSection(SolutionConfigurationPlatforms) = preSolution
		Debug|Any CPU = Debug|Any CPU
		Release|Any CPU = Release|Any CPU
	EndGlobalSection
	GlobalSection(ProjectConfigurationPlatforms) = postSolution
		{E7836668-5F15-4215-A912-DDBC1145565D}.Debug|Any CPU.ActiveCfg = Debug|Any CPU
		{E7836668-5F15-4215-A912-DDBC1145565D}.Debug|Any CPU.Build.0 = Debug|Any CPU
		{E7836668-5F15-4215-A912-DDBC1145565D}.Release|Any CPU.ActiveCfg = Release|Any CPU
		{E7836668-5F15-4215-A912-DDBC1145565D}.Release|Any CPU.Build.0 = Release|Any CPU
	EndGlobalSection
	GlobalSection(SolutionProperties) = preSolution
		HideSolutionNode = FALSE
	EndGlobalSection
	GlobalSection(ExtensibilityGlobals) = postSolution
		SolutionGuid = {26EF20A0-4794-4302-9A24-E65B4C12C747}
	EndGlobalSection
EndGlobal
